
Microsoft Visual Studio Solution File, Format Version 12.00
# Visual Studio Version 16
VisualStudioVersion = 16.0.31424.327
MinimumVisualStudioVersion = 10.0.40219.1
Project("{FAE04EC0-301F-11D3-BF4B-00C04F79EFBC}") = "GpioJoy", "GpioJoy\GpioJoy.csproj", "{6664FF0B-7D17-4E5B-B90B-B568E4DF6865}"
EndProject
Project("{FAE04EC0-301F-11D3-BF4B-00C04F79EFBC}") = "SimpleJoy", "SimpleJoy\SimpleJoy.csproj", "{2F0BE4B3-896A-44B8-824E-8B4C09EAB17A}"
EndProject
Project("{FAE04EC0-301F-11D3-BF4B-00C04F79EFBC}") = "PlatformHelper", "PlatformHelper\PlatformHelper.csproj", "{CD8401F8-D694-4E9C-9B9F-27151CB5A678}"
EndProject
Project("{FAE04EC0-301F-11D3-BF4B-00C04F79EFBC}") = "GpioManagerObjects", "GpioManagerObjects\GpioManagerObjects.csproj", "{3F9223F4-AE39-4A30-A6C5-A5997ABC554A}"
EndProject
Project("{FAE04EC0-301F-11D3-BF4B-00C04F79EFBC}") = "wiringGpioExtensions-NFW4", "wiringGpioExtensions\wiringGpioExtensions-NFW4.csproj", "{CE36E943-F4F4-46C6-B6DC-C63968CAB19E}"
EndProject
Project("{FAE04EC0-301F-11D3-BF4B-00C04F79EFBC}") = "MyUserFunctions", "MyUserFunctions\MyUserFunctions.csproj", "{0584A05E-679F-4CF4-B9A6-B873F8CF0ACF}"
EndProject
Global
	GlobalSection(SolutionConfigurationPlatforms) = preSolution
		Debug|Any CPU = Debug|Any CPU
		Debug|Mixed Platforms = Debug|Mixed Platforms
		Debug|x86 = Debug|x86
		DebugJet|Any CPU = DebugJet|Any CPU
		DebugJet|Mixed Platforms = DebugJet|Mixed Platforms
		DebugJet|x86 = DebugJet|x86
		Release|Any CPU = Release|Any CPU
		Release|Mixed Platforms = Release|Mixed Platforms
		Release|x86 = Release|x86
		ReleaseJet|Any CPU = ReleaseJet|Any CPU
		ReleaseJet|Mixed Platforms = ReleaseJet|Mixed Platforms
		ReleaseJet|x86 = ReleaseJet|x86
	EndGlobalSection
	GlobalSection(ProjectConfigurationPlatforms) = postSolution
		{6664FF0B-7D17-4E5B-B90B-B568E4DF6865}.Debug|Any CPU.ActiveCfg = Debug|Any CPU
		{6664FF0B-7D17-4E5B-B90B-B568E4DF6865}.Debug|Any CPU.Build.0 = Debug|Any CPU
		{6664FF0B-7D17-4E5B-B90B-B568E4DF6865}.Debug|Mixed Platforms.ActiveCfg = Debug|Any CPU
		{6664FF0B-7D17-4E5B-B90B-B568E4DF6865}.Debug|Mixed Platforms.Build.0 = Debug|Any CPU
		{6664FF0B-7D17-4E5B-B90B-B568E4DF6865}.Debug|x86.ActiveCfg = Debug|Any CPU
		{6664FF0B-7D17-4E5B-B90B-B568E4DF6865}.DebugJet|Any CPU.ActiveCfg = Debug|Any CPU
		{6664FF0B-7D17-4E5B-B90B-B568E4DF6865}.DebugJet|Any CPU.Build.0 = Debug|Any CPU
		{6664FF0B-7D17-4E5B-B90B-B568E4DF6865}.DebugJet|Mixed Platforms.ActiveCfg = Debug|Any CPU
		{6664FF0B-7D17-4E5B-B90B-B568E4DF6865}.DebugJet|Mixed Platforms.Build.0 = Debug|Any CPU
		{6664FF0B-7D17-4E5B-B90B-B568E4DF6865}.DebugJet|x86.ActiveCfg = Debug|Any CPU
		{6664FF0B-7D17-4E5B-B90B-B568E4DF6865}.Release|Any CPU.ActiveCfg = Release|Any CPU
		{6664FF0B-7D17-4E5B-B90B-B568E4DF6865}.Release|Any CPU.Build.0 = Release|Any CPU
		{6664FF0B-7D17-4E5B-B90B-B568E4DF6865}.Release|Mixed Platforms.ActiveCfg = Release|Any CPU
		{6664FF0B-7D17-4E5B-B90B-B568E4DF6865}.Release|Mixed Platforms.Build.0 = Release|Any CPU
		{6664FF0B-7D17-4E5B-B90B-B568E4DF6865}.Release|x86.ActiveCfg = Release|Any CPU
		{6664FF0B-7D17-4E5B-B90B-B568E4DF6865}.ReleaseJet|Any CPU.ActiveCfg = Release|Any CPU
		{6664FF0B-7D17-4E5B-B90B-B568E4DF6865}.ReleaseJet|Any CPU.Build.0 = Release|Any CPU
		{6664FF0B-7D17-4E5B-B90B-B568E4DF6865}.ReleaseJet|Mixed Platforms.ActiveCfg = Release|Any CPU
		{6664FF0B-7D17-4E5B-B90B-B568E4DF6865}.ReleaseJet|Mixed Platforms.Build.0 = Release|Any CPU
		{6664FF0B-7D17-4E5B-B90B-B568E4DF6865}.ReleaseJet|x86.ActiveCfg = Release|Any CPU
		{2F0BE4B3-896A-44B8-824E-8B4C09EAB17A}.Debug|Any CPU.ActiveCfg = Debug|Any CPU
		{2F0BE4B3-896A-44B8-824E-8B4C09EAB17A}.Debug|Any CPU.Build.0 = Debug|Any CPU
		{2F0BE4B3-896A-44B8-824E-8B4C09EAB17A}.Debug|Mixed Platforms.ActiveCfg = Debug|Any CPU
		{2F0BE4B3-896A-44B8-824E-8B4C09EAB17A}.Debug|Mixed Platforms.Build.0 = Debug|Any CPU
		{2F0BE4B3-896A-44B8-824E-8B4C09EAB17A}.Debug|x86.ActiveCfg = Debug|Any CPU
		{2F0BE4B3-896A-44B8-824E-8B4C09EAB17A}.DebugJet|Any CPU.ActiveCfg = Debug|Any CPU
		{2F0BE4B3-896A-44B8-824E-8B4C09EAB17A}.DebugJet|Any CPU.Build.0 = Debug|Any CPU
		{2F0BE4B3-896A-44B8-824E-8B4C09EAB17A}.DebugJet|Mixed Platforms.ActiveCfg = Debug|Any CPU
		{2F0BE4B3-896A-44B8-824E-8B4C09EAB17A}.DebugJet|Mixed Platforms.Build.0 = Debug|Any CPU
		{2F0BE4B3-896A-44B8-824E-8B4C09EAB17A}.DebugJet|x86.ActiveCfg = Debug|Any CPU
		{2F0BE4B3-896A-44B8-824E-8B4C09EAB17A}.Release|Any CPU.ActiveCfg = Release|Any CPU
		{2F0BE4B3-896A-44B8-824E-8B4C09EAB17A}.Release|Any CPU.Build.0 = Release|Any CPU
		{2F0BE4B3-896A-44B8-824E-8B4C09EAB17A}.Release|Mixed Platforms.ActiveCfg = Release|Any CPU
		{2F0BE4B3-896A-44B8-824E-8B4C09EAB17A}.Release|Mixed Platforms.Build.0 = Release|Any CPU
		{2F0BE4B3-896A-44B8-824E-8B4C09EAB17A}.Release|x86.ActiveCfg = Release|Any CPU
		{2F0BE4B3-896A-44B8-824E-8B4C09EAB17A}.ReleaseJet|Any CPU.ActiveCfg = Release|Any CPU
		{2F0BE4B3-896A-44B8-824E-8B4C09EAB17A}.ReleaseJet|Any CPU.Build.0 = Release|Any CPU
		{2F0BE4B3-896A-44B8-824E-8B4C09EAB17A}.ReleaseJet|Mixed Platforms.ActiveCfg = Release|Any CPU
		{2F0BE4B3-896A-44B8-824E-8B4C09EAB17A}.ReleaseJet|Mixed Platforms.Build.0 = Release|Any CPU
		{2F0BE4B3-896A-44B8-824E-8B4C09EAB17A}.ReleaseJet|x86.ActiveCfg = Release|Any CPU
		{CD8401F8-D694-4E9C-9B9F-27151CB5A678}.Debug|Any CPU.ActiveCfg = Debug|Any CPU
		{CD8401F8-D694-4E9C-9B9F-27151CB5A678}.Debug|Any CPU.Build.0 = Debug|Any CPU
		{CD8401F8-D694-4E9C-9B9F-27151CB5A678}.Debug|Mixed Platforms.ActiveCfg = Debug|Any CPU
		{CD8401F8-D694-4E9C-9B9F-27151CB5A678}.Debug|Mixed Platforms.Build.0 = Debug|Any CPU
		{CD8401F8-D694-4E9C-9B9F-27151CB5A678}.Debug|x86.ActiveCfg = Debug|Any CPU
		{CD8401F8-D694-4E9C-9B9F-27151CB5A678}.DebugJet|Any CPU.ActiveCfg = Debug|Any CPU
		{CD8401F8-D694-4E9C-9B9F-27151CB5A678}.DebugJet|Any CPU.Build.0 = Debug|Any CPU
		{CD8401F8-D694-4E9C-9B9F-27151CB5A678}.DebugJet|Mixed Platforms.ActiveCfg = Debug|Any CPU
		{CD8401F8-D694-4E9C-9B9F-27151CB5A678}.DebugJet|Mixed Platforms.Build.0 = Debug|Any CPU
		{CD8401F8-D694-4E9C-9B9F-27151CB5A678}.DebugJet|x86.ActiveCfg = Debug|Any CPU
		{CD8401F8-D694-4E9C-9B9F-27151CB5A678}.Release|Any CPU.ActiveCfg = Release|Any CPU
		{CD8401F8-D694-4E9C-9B9F-27151CB5A678}.Release|Any CPU.Build.0 = Release|Any CPU
		{CD8401F8-D694-4E9C-9B9F-27151CB5A678}.Release|Mixed Platforms.ActiveCfg = Release|Any CPU
		{CD8401F8-D694-4E9C-9B9F-27151CB5A678}.Release|Mixed Platforms.Build.0 = Release|Any CPU
		{CD8401F8-D694-4E9C-9B9F-27151CB5A678}.Release|x86.ActiveCfg = Release|Any CPU
		{CD8401F8-D694-4E9C-9B9F-27151CB5A678}.ReleaseJet|Any CPU.ActiveCfg = Release|Any CPU
		{CD8401F8-D694-4E9C-9B9F-27151CB5A678}.ReleaseJet|Any CPU.Build.0 = Release|Any CPU
		{CD8401F8-D694-4E9C-9B9F-27151CB5A678}.ReleaseJet|Mixed Platforms.ActiveCfg = Release|Any CPU
		{CD8401F8-D694-4E9C-9B9F-27151CB5A678}.ReleaseJet|Mixed Platforms.Build.0 = Release|Any CPU
		{CD8401F8-D694-4E9C-9B9F-27151CB5A678}.ReleaseJet|x86.ActiveCfg = Release|Any CPU
		{3F9223F4-AE39-4A30-A6C5-A5997ABC554A}.Debug|Any CPU.ActiveCfg = Debug|Any CPU
		{3F9223F4-AE39-4A30-A6C5-A5997ABC554A}.Debug|Any CPU.Build.0 = Debug|Any CPU
		{3F9223F4-AE39-4A30-A6C5-A5997ABC554A}.Debug|Mixed Platforms.ActiveCfg = Debug|Any CPU
		{3F9223F4-AE39-4A30-A6C5-A5997ABC554A}.Debug|Mixed Platforms.Build.0 = Debug|Any CPU
		{3F9223F4-AE39-4A30-A6C5-A5997ABC554A}.Debug|x86.ActiveCfg = Debug|Any CPU
		{3F9223F4-AE39-4A30-A6C5-A5997ABC554A}.Debug|x86.Build.0 = Debug|Any CPU
		{3F9223F4-AE39-4A30-A6C5-A5997ABC554A}.DebugJet|Any CPU.ActiveCfg = Debug|Any CPU
		{3F9223F4-AE39-4A30-A6C5-A5997ABC554A}.DebugJet|Any CPU.Build.0 = Debug|Any CPU
		{3F9223F4-AE39-4A30-A6C5-A5997ABC554A}.DebugJet|Mixed Platforms.ActiveCfg = Debug|Any CPU
		{3F9223F4-AE39-4A30-A6C5-A5997ABC554A}.DebugJet|Mixed Platforms.Build.0 = Debug|Any CPU
		{3F9223F4-AE39-4A30-A6C5-A5997ABC554A}.DebugJet|x86.ActiveCfg = Debug|Any CPU
		{3F9223F4-AE39-4A30-A6C5-A5997ABC554A}.DebugJet|x86.Build.0 = Debug|Any CPU
		{3F9223F4-AE39-4A30-A6C5-A5997ABC554A}.Release|Any CPU.ActiveCfg = Release|Any CPU
		{3F9223F4-AE39-4A30-A6C5-A5997ABC554A}.Release|Any CPU.Build.0 = Release|Any CPU
		{3F9223F4-AE39-4A30-A6C5-A5997ABC554A}.Release|Mixed Platforms.ActiveCfg = Release|Any CPU
		{3F9223F4-AE39-4A30-A6C5-A5997ABC554A}.Release|Mixed Platforms.Build.0 = Release|Any CPU
		{3F9223F4-AE39-4A30-A6C5-A5997ABC554A}.Release|x86.ActiveCfg = Release|Any CPU
		{3F9223F4-AE39-4A30-A6C5-A5997ABC554A}.Release|x86.Build.0 = Release|Any CPU
		{3F9223F4-AE39-4A30-A6C5-A5997ABC554A}.ReleaseJet|Any CPU.ActiveCfg = Release|Any CPU
		{3F9223F4-AE39-4A30-A6C5-A5997ABC554A}.ReleaseJet|Any CPU.Build.0 = Release|Any CPU
		{3F9223F4-AE39-4A30-A6C5-A5997ABC554A}.ReleaseJet|Mixed Platforms.ActiveCfg = Release|Any CPU
		{3F9223F4-AE39-4A30-A6C5-A5997ABC554A}.ReleaseJet|Mixed Platforms.Build.0 = Release|Any CPU
		{3F9223F4-AE39-4A30-A6C5-A5997ABC554A}.ReleaseJet|x86.ActiveCfg = Release|Any CPU
		{3F9223F4-AE39-4A30-A6C5-A5997ABC554A}.ReleaseJet|x86.Build.0 = Release|Any CPU
		{CE36E943-F4F4-46C6-B6DC-C63968CAB19E}.Debug|Any CPU.ActiveCfg = Debug|Any CPU
		{CE36E943-F4F4-46C6-B6DC-C63968CAB19E}.Debug|Any CPU.Build.0 = Debug|Any CPU
		{CE36E943-F4F4-46C6-B6DC-C63968CAB19E}.Debug|Mixed Platforms.ActiveCfg = Debug|Any CPU
		{CE36E943-F4F4-46C6-B6DC-C63968CAB19E}.Debug|Mixed Platforms.Build.0 = Debug|Any CPU
		{CE36E943-F4F4-46C6-B6DC-C63968CAB19E}.Debug|x86.ActiveCfg = Debug|Any CPU
		{CE36E943-F4F4-46C6-B6DC-C63968CAB19E}.Debug|x86.Build.0 = Debug|Any CPU
		{CE36E943-F4F4-46C6-B6DC-C63968CAB19E}.DebugJet|Any CPU.ActiveCfg = DebugJet|Any CPU
		{CE36E943-F4F4-46C6-B6DC-C63968CAB19E}.DebugJet|Any CPU.Build.0 = DebugJet|Any CPU
		{CE36E943-F4F4-46C6-B6DC-C63968CAB19E}.DebugJet|Mixed Platforms.ActiveCfg = Debug|Any CPU
		{CE36E943-F4F4-46C6-B6DC-C63968CAB19E}.DebugJet|Mixed Platforms.Build.0 = Debug|Any CPU
		{CE36E943-F4F4-46C6-B6DC-C63968CAB19E}.DebugJet|x86.ActiveCfg = Debug|Any CPU
		{CE36E943-F4F4-46C6-B6DC-C63968CAB19E}.DebugJet|x86.Build.0 = Debug|Any CPU
		{CE36E943-F4F4-46C6-B6DC-C63968CAB19E}.Release|Any CPU.ActiveCfg = Release|Any CPU
		{CE36E943-F4F4-46C6-B6DC-C63968CAB19E}.Release|Any CPU.Build.0 = Release|Any CPU
		{CE36E943-F4F4-46C6-B6DC-C63968CAB19E}.Release|Mixed Platforms.ActiveCfg = Release|Any CPU
		{CE36E943-F4F4-46C6-B6DC-C63968CAB19E}.Release|Mixed Platforms.Build.0 = Release|Any CPU
		{CE36E943-F4F4-46C6-B6DC-C63968CAB19E}.Release|x86.ActiveCfg = Release|Any CPU
		{CE36E943-F4F4-46C6-B6DC-C63968CAB19E}.Release|x86.Build.0 = Release|Any CPU
		{CE36E943-F4F4-46C6-B6DC-C63968CAB19E}.ReleaseJet|Any CPU.ActiveCfg = ReleaseJet|Any CPU
		{CE36E943-F4F4-46C6-B6DC-C63968CAB19E}.ReleaseJet|Any CPU.Build.0 = ReleaseJet|Any CPU
		{CE36E943-F4F4-46C6-B6DC-C63968CAB19E}.ReleaseJet|Mixed Platforms.ActiveCfg = Release|Any CPU
		{CE36E943-F4F4-46C6-B6DC-C63968CAB19E}.ReleaseJet|Mixed Platforms.Build.0 = Release|Any CPU
		{CE36E943-F4F4-46C6-B6DC-C63968CAB19E}.ReleaseJet|x86.ActiveCfg = Release|Any CPU
		{CE36E943-F4F4-46C6-B6DC-C63968CAB19E}.ReleaseJet|x86.Build.0 = Release|Any CPU
		{0584A05E-679F-4CF4-B9A6-B873F8CF0ACF}.Debug|Any CPU.ActiveCfg = Debug|Any CPU
		{0584A05E-679F-4CF4-B9A6-B873F8CF0ACF}.Debug|Any CPU.Build.0 = Debug|Any CPU
		{0584A05E-679F-4CF4-B9A6-B873F8CF0ACF}.Debug|Mixed Platforms.ActiveCfg = Debug|Any CPU
		{0584A05E-679F-4CF4-B9A6-B873F8CF0ACF}.Debug|Mixed Platforms.Build.0 = Debug|Any CPU
		{0584A05E-679F-4CF4-B9A6-B873F8CF0ACF}.Debug|x86.ActiveCfg = Debug|Any CPU
		{0584A05E-679F-4CF4-B9A6-B873F8CF0ACF}.Debug|x86.Build.0 = Debug|Any CPU
		{0584A05E-679F-4CF4-B9A6-B873F8CF0ACF}.DebugJet|Any CPU.ActiveCfg = Debug|Any CPU
		{0584A05E-679F-4CF4-B9A6-B873F8CF0ACF}.DebugJet|Any CPU.Build.0 = Debug|Any CPU
		{0584A05E-679F-4CF4-B9A6-B873F8CF0ACF}.DebugJet|Mixed Platforms.ActiveCfg = Debug|Any CPU
		{0584A05E-679F-4CF4-B9A6-B873F8CF0ACF}.DebugJet|Mixed Platforms.Build.0 = Debug|Any CPU
		{0584A05E-679F-4CF4-B9A6-B873F8CF0ACF}.DebugJet|x86.ActiveCfg = Debug|Any CPU
		{0584A05E-679F-4CF4-B9A6-B873F8CF0ACF}.DebugJet|x86.Build.0 = Debug|Any CPU
		{0584A05E-679F-4CF4-B9A6-B873F8CF0ACF}.Release|Any CPU.ActiveCfg = Release|Any CPU
		{0584A05E-679F-4CF4-B9A6-B873F8CF0ACF}.Release|Any CPU.Build.0 = Release|Any CPU
		{0584A05E-679F-4CF4-B9A6-B873F8CF0ACF}.Release|Mixed Platforms.ActiveCfg = Release|Any CPU
		{0584A05E-679F-4CF4-B9A6-B873F8CF0ACF}.Release|Mixed Platforms.Build.0 = Release|Any CPU
		{0584A05E-679F-4CF4-B9A6-B873F8CF0ACF}.Release|x86.ActiveCfg = Release|Any CPU
		{0584A05E-679F-4CF4-B9A6-B873F8CF0ACF}.Release|x86.Build.0 = Release|Any CPU
		{0584A05E-679F-4CF4-B9A6-B873F8CF0ACF}.ReleaseJet|Any CPU.ActiveCfg = Release|Any CPU
		{0584A05E-679F-4CF4-B9A6-B873F8CF0ACF}.ReleaseJet|Any CPU.Build.0 = Release|Any CPU
		{0584A05E-679F-4CF4-B9A6-B873F8CF0ACF}.ReleaseJet|Mixed Platforms.ActiveCfg = Release|Any CPU
		{0584A05E-679F-4CF4-B9A6-B873F8CF0ACF}.ReleaseJet|Mixed Platforms.Build.0 = Release|Any CPU
		{0584A05E-679F-4CF4-B9A6-B873F8CF0ACF}.ReleaseJet|x86.ActiveCfg = Release|Any CPU
		{0584A05E-679F-4CF4-B9A6-B873F8CF0ACF}.ReleaseJet|x86.Build.0 = Release|Any CPU
	EndGlobalSection
	GlobalSection(SolutionProperties) = preSolution
		HideSolutionNode = FALSE
	EndGlobalSection
	GlobalSection(ExtensibilityGlobals) = postSolution
		SolutionGuid = {542BC75B-CA77-494C-AA02-033F12AD2F4B}
	EndGlobalSection
	GlobalSection(MonoDevelopProperties) = preSolution
		Policies = $0
		$0.TextStylePolicy = $1
		$1.inheritsSet = VisualStudio
		$1.inheritsScope = text/plain
		$1.scope = text/x-csharp
		$0.CSharpFormattingPolicy = $2
		$2.IndentSwitchBody = True
		$2.AnonymousMethodBraceStyle = NextLine
		$2.PropertyBraceStyle = NextLine
		$2.PropertyGetBraceStyle = NextLine
		$2.PropertySetBraceStyle = NextLine
		$2.EventBraceStyle = NextLine
		$2.EventAddBraceStyle = NextLine
		$2.EventRemoveBraceStyle = NextLine
		$2.StatementBraceStyle = NextLine
		$2.ElseNewLinePlacement = NewLine
		$2.CatchNewLinePlacement = NewLine
		$2.FinallyNewLinePlacement = NewLine
		$2.WhileNewLinePlacement = DoNotCare
		$2.ArrayInitializerWrapping = DoNotChange
		$2.ArrayInitializerBraceStyle = NextLine
		$2.BeforeMethodDeclarationParentheses = False
		$2.BeforeMethodCallParentheses = False
		$2.BeforeConstructorDeclarationParentheses = False
		$2.BeforeDelegateDeclarationParentheses = False
		$2.NewParentheses = False
		$2.SpacesBeforeBrackets = False
		$2.inheritsSet = Mono
		$2.inheritsScope = text/x-csharp
		$2.scope = text/x-csharp
	EndGlobalSection
EndGlobal
