
Microsoft Visual Studio Solution File, Format Version 12.00
# Visual Studio Version 17
VisualStudioVersion = 17.4.33122.133
MinimumVisualStudioVersion = 10.0.40219.1
Project("{FAE04EC0-301F-11D3-BF4B-00C04F79EFBC}") = "GpioDemoBoardUserFunctions", "GpioDemoBoardUserFunctions.csproj", "{A958C8E0-6BE0-482C-8453-DFE3C2806416}"
EndProject
Global
	GlobalSection(SolutionConfigurationPlatforms) = preSolution
		Debug|Any CPU = Debug|Any CPU
		Release|Any CPU = Release|Any CPU
	EndGlobalSection
	GlobalSection(ProjectConfigurationPlatforms) = postSolution
		{A958C8E0-6BE0-482C-8453-DFE3C2806416}.Debug|Any CPU.ActiveCfg = Debug|Any CPU
		{A958C8E0-6BE0-482C-8453-DFE3C2806416}.Debug|Any CPU.Build.0 = Debug|Any CPU
		{A958C8E0-6BE0-482C-8453-DFE3C2806416}.Release|Any CPU.ActiveCfg = Release|Any CPU
		{A958C8E0-6BE0-482C-8453-DFE3C2806416}.Release|Any CPU.Build.0 = Release|Any CPU
	EndGlobalSection
	GlobalSection(SolutionProperties) = preSolution
		HideSolutionNode = FALSE
	EndGlobalSection
	GlobalSection(ExtensibilityGlobals) = postSolution
		SolutionGuid = {55A53DD3-8590-4CC6-880E-AED2696F0658}
	EndGlobalSection
EndGlobal
